# This file is automatically @generated by Poetry 2.1.3 and should not be changed by hand.

[[package]]
name = "hll"
version = "2.4.0"
description = "Fast HyperLogLog for Python"
optional = false
python-versions = "<4,>=3.6"
groups = ["main"]
files = [
    {file = "hll-2.4.0-cp312-cp312-manylinux1_x86_64.manylinux_2_28_x86_64.manylinux_2_5_x86_64.whl", hash = "sha256:36ddc11c3794c3350b660d18a81a296cfe99ad8a3fce8042f15117dd62e5c233"},
    {file = "hll-2.4.0.tar.gz", hash = "sha256:3805937c321606eb02a26e061297209978c05845fd5215b9cdcf2a5ac57a4be4"},
]

[metadata]
lock-version = "2.1"
python-versions = ">=3.12,<4"
content-hash = "ea41ace89acd6f6c25e5192d8a84eb9e79ed0b66814caebdfcd7b627fbaf6c6c"
